
Microsoft Visual Studio Solution File, Format Version 12.00
# Visual Studio Version 16
VisualStudioVersion = 16.0.30330.147
MinimumVisualStudioVersion = 10.0.40219.1
Project("{8BC9CEB8-8B4A-11D0-8D11-00A0C91BC942}") = "AsciiArtSFML", "AsciiArtSFML\AsciiArtSFML.vcxproj", "{61D91C13-F873-431F-9E9F-69E145A47060}"
EndProject
Global
	GlobalSection(SolutionConfigurationPlatforms) = preSolution
		Debug|x64 = Debug|x64
		Debug|x86 = Debug|x86
		Release|x64 = Release|x64
		Release|x86 = Release|x86
	EndGlobalSection
	GlobalSection(ProjectConfigurationPlatforms) = postSolution
		{61D91C13-F873-431F-9E9F-69E145A47060}.Debug|x64.ActiveCfg = Debug|x64
		{61D91C13-F873-431F-9E9F-69E145A47060}.Debug|x64.Build.0 = Debug|x64
		{61D91C13-F873-431F-9E9F-69E145A47060}.Debug|x86.ActiveCfg = Debug|Win32
		{61D91C13-F873-431F-9E9F-69E145A47060}.Debug|x86.Build.0 = Debug|Win32
		{61D91C13-F873-431F-9E9F-69E145A47060}.Release|x64.ActiveCfg = Release|x64
		{61D91C13-F873-431F-9E9F-69E145A47060}.Release|x64.Build.0 = Release|x64
		{61D91C13-F873-431F-9E9F-69E145A47060}.Release|x86.ActiveCfg = Release|Win32
		{61D91C13-F873-431F-9E9F-69E145A47060}.Release|x86.Build.0 = Release|Win32
	EndGlobalSection
	GlobalSection(SolutionProperties) = preSolution
		HideSolutionNode = FALSE
	EndGlobalSection
	GlobalSection(ExtensibilityGlobals) = postSolution
		SolutionGuid = {FFC24826-46D6-428C-A24B-5429D2651586}
	EndGlobalSection
EndGlobal
